lockfileVersion: '9.0'

settings:
  autoInstallPeers: true
  excludeLinksFromLockfile: false

importers:

  .:
    dependencies:
      marked:
        specifier: ^15.0.6
        version: 15.0.6

packages:

  marked@15.0.6:
    resolution: {integrity: sha512-Y07CUOE+HQXbVDCGl3LXggqJDbXDP2pArc2C1N1RRMN0ONiShoSsIInMd5Gsxupe7fKLpgimTV+HOJ9r7bA+pg==}
    engines: {node: '>= 18'}
    hasBin: true

snapshots:

  marked@15.0.6: {}
